
Microsoft Visual Studio Solution File, Format Version 12.00
# Visual Studio 15
VisualStudioVersion = 15.0.28307.421
MinimumVisualStudioVersion = 10.0.40219.1
Project("{FAE04EC0-301F-11D3-BF4B-00C04F79EFBC}") = "Tutoriaux", "Tutoriaux\Tutoriaux.csproj", "{F61D4957-8163-4940-BD6D-B28F9B571C61}"
EndProject
Project("{FAE04EC0-301F-11D3-BF4B-00C04F79EFBC}") = "MotClefParse", "MotClefParse\MotClefParse.csproj", "{1BD40462-FF10-4126-B3EF-313470678B0A}"
EndProject
Project("{FAE04EC0-301F-11D3-BF4B-00C04F79EFBC}") = "Dictionnaire", "Dictionnaire\Dictionnaire.csproj", "{B31CAA56-1CC1-4C4C-AB6E-0C7245A72149}"
EndProject
Project("{FAE04EC0-301F-11D3-BF4B-00C04F79EFBC}") = "GetSetDemo", "GetSetDemo\GetSetDemo.csproj", "{52815762-4C4C-409B-B5BD-C4AF1E7C81D2}"
EndProject
Global
	GlobalSection(SolutionConfigurationPlatforms) = preSolution
		Debug|Any CPU = Debug|Any CPU
		Release|Any CPU = Release|Any CPU
	EndGlobalSection
	GlobalSection(ProjectConfigurationPlatforms) = postSolution
		{F61D4957-8163-4940-BD6D-B28F9B571C61}.Debug|Any CPU.ActiveCfg = Debug|Any CPU
		{F61D4957-8163-4940-BD6D-B28F9B571C61}.Debug|Any CPU.Build.0 = Debug|Any CPU
		{F61D4957-8163-4940-BD6D-B28F9B571C61}.Release|Any CPU.ActiveCfg = Release|Any CPU
		{F61D4957-8163-4940-BD6D-B28F9B571C61}.Release|Any CPU.Build.0 = Release|Any CPU
		{1BD40462-FF10-4126-B3EF-313470678B0A}.Debug|Any CPU.ActiveCfg = Debug|Any CPU
		{1BD40462-FF10-4126-B3EF-313470678B0A}.Debug|Any CPU.Build.0 = Debug|Any CPU
		{1BD40462-FF10-4126-B3EF-313470678B0A}.Release|Any CPU.ActiveCfg = Release|Any CPU
		{1BD40462-FF10-4126-B3EF-313470678B0A}.Release|Any CPU.Build.0 = Release|Any CPU
		{B31CAA56-1CC1-4C4C-AB6E-0C7245A72149}.Debug|Any CPU.ActiveCfg = Debug|Any CPU
		{B31CAA56-1CC1-4C4C-AB6E-0C7245A72149}.Debug|Any CPU.Build.0 = Debug|Any CPU
		{B31CAA56-1CC1-4C4C-AB6E-0C7245A72149}.Release|Any CPU.ActiveCfg = Release|Any CPU
		{B31CAA56-1CC1-4C4C-AB6E-0C7245A72149}.Release|Any CPU.Build.0 = Release|Any CPU
		{52815762-4C4C-409B-B5BD-C4AF1E7C81D2}.Debug|Any CPU.ActiveCfg = Debug|Any CPU
		{52815762-4C4C-409B-B5BD-C4AF1E7C81D2}.Debug|Any CPU.Build.0 = Debug|Any CPU
		{52815762-4C4C-409B-B5BD-C4AF1E7C81D2}.Release|Any CPU.ActiveCfg = Release|Any CPU
		{52815762-4C4C-409B-B5BD-C4AF1E7C81D2}.Release|Any CPU.Build.0 = Release|Any CPU
	EndGlobalSection
	GlobalSection(SolutionProperties) = preSolution
		HideSolutionNode = FALSE
	EndGlobalSection
	GlobalSection(ExtensibilityGlobals) = postSolution
		SolutionGuid = {1C1E0EF0-96D1-44A7-8592-8BA020887165}
	EndGlobalSection
EndGlobal
